// !$*UTF8*$!
{
	archiveVersion = 1;
	classes = {
	};
	objectVersion = 55;
	objects = {

/* Begin PBXBuildFile section */
		759BCBDD271BC38D00BE2F65 /* AppDelegate.swift in Sources */ = {isa = PBXBuildFile; fileRef = 759BCBDC271BC38D00BE2F65 /* AppDelegate.swift */; };
		759BCBDF271BC38D00BE2F65 /* SceneDelegate.swift in Sources */ = {isa = PBXBuildFile; fileRef = 759BCBDE271BC38D00BE2F65 /* SceneDelegate.swift */; };
		759BCBE1271BC38D00BE2F65 /* ViewController.swift in Sources */ = {isa = PBXBuildFile; fileRef = 759BCBE0271BC38D00BE2F65 /* ViewController.swift */; };
		759BCBE4271BC38D00BE2F65 /* Main.storyboard in Resources */ = {isa = PBXBuildFile; fileRef = 759BCBE2271BC38D00BE2F65 /* Main.storyboard */; };
		759BCBE7271BC38D00BE2F65 /* SeSAC_TrandMedia.xcdatamodeld in Sources */ = {isa = PBXBuildFile; fileRef = 759BCBE5271BC38D00BE2F65 /* SeSAC_TrandMedia.xcdatamodeld */; };
		759BCBE9271BC38E00BE2F65 /* Assets.xcassets in Resources */ = {isa = PBXBuildFile; fileRef = 759BCBE8271BC38E00BE2F65 /* Assets.xcassets */; };
		759BCBEC271BC38E00BE2F65 /* LaunchScreen.storyboard in Resources */ = {isa = PBXBuildFile; fileRef = 759BCBEA271BC38E00BE2F65 /* LaunchScreen.storyboard */; };
/* End PBXBuildFile section */

/* Begin PBXFileReference section */
		759BCBD9271BC38D00BE2F65 /* SeSAC.TrandMedia.app */ = {isa = PBXFileReference; explicitFileType = wrapper.application; includeInIndex = 0; path = SeSAC.TrandMedia.app; sourceTree = BUILT_PRODUCTS_DIR; };
		759BCBDC271BC38D00BE2F65 /* AppDelegate.swift */ = {isa = PBXFileReference; lastKnownFileType = sourcecode.swift; path = AppDelegate.swift; sourceTree = "<group>"; };
		759BCBDE271BC38D00BE2F65 /* SceneDelegate.swift */ = {isa = PBXFileReference; lastKnownFileType = sourcecode.swift; path = SceneDelegate.swift; sourceTree = "<group>"; };
		759BCBE0271BC38D00BE2F65 /* ViewController.swift */ = {isa = PBXFileReference; lastKnownFileType = sourcecode.swift; path = ViewController.swift; sourceTree = "<group>"; };
		759BCBE3271BC38D00BE2F65 /* Base */ = {isa = PBXFileReference; lastKnownFileType = file.storyboard; name = Base; path = Base.lproj/Main.storyboard; sourceTree = "<group>"; };
		759BCBE6271BC38D00BE2F65 /* SeSAC_TrandMedia.xcdatamodel */ = {isa = PBXFileReference; lastKnownFileType = wrapper.xcdatamodel; path = SeSAC_TrandMedia.xcdatamodel; sourceTree = "<group>"; };
		759BCBE8271BC38E00BE2F65 /* Assets.xcassets */ = {isa = PBXFileReference; lastKnownFileType = folder.assetcatalog; path = Assets.xcassets; sourceTree = "<group>"; };
		759BCBEB271BC38E00BE2F65 /* Base */ = {isa = PBXFileReference; lastKnownFileType = file.storyboard; name = Base; path = Base.lproj/LaunchScreen.storyboard; sourceTree = "<group>"; };
		759BCBED271BC38E00BE2F65 /* Info.plist */ = {isa = PBXFileReference; lastKnownFileType = text.plist.xml; path = Info.plist; sourceTree = "<group>"; };
/* End PBXFileReference section */

/* Begin PBXFrameworksBuildPhase section */
		759BCBD6271BC38D00BE2F65 /* Frameworks */ = {
			isa = PBXFrameworksBuildPhase;
			buildActionMask = 2147483647;
			files = (
			);
			runOnlyForDeploymentPostprocessing = 0;
		};
/* End PBXFrameworksBuildPhase section */

/* Begin PBXGroup section */
		759BCBD0271BC38D00BE2F65 = {
			isa = PBXGroup;
			children = (
				759BCBDB271BC38D00BE2F65 /* SeSAC.TrandMedia */,
				759BCBDA271BC38D00BE2F65 /* Products */,
			);
			sourceTree = "<group>";
		};
		759BCBDA271BC38D00BE2F65 /* Products */ = {
			isa = PBXGroup;
			children = (
				759BCBD9271BC38D00BE2F65 /* SeSAC.TrandMedia.app */,
			);
			name = Products;
			sourceTree = "<group>";
		};
		759BCBDB271BC38D00BE2F65 /* SeSAC.TrandMedia */ = {
			isa = PBXGroup;
			children = (
				759BCBDC271BC38D00BE2F65 /* AppDelegate.swift */,
				759BCBDE271BC38D00BE2F65 /* SceneDelegate.swift */,
				759BCBE0271BC38D00BE2F65 /* ViewController.swift */,
				759BCBE2271BC38D00BE2F65 /* Main.storyboard */,
				759BCBE8271BC38E00BE2F65 /* Assets.xcassets */,
				759BCBEA271BC38E00BE2F65 /* LaunchScreen.storyboard */,
				759BCBED271BC38E00BE2F65 /* Info.plist */,
				759BCBE5271BC38D00BE2F65 /* SeSAC_TrandMedia.xcdatamodeld */,
			);
			path = SeSAC.TrandMedia;
			sourceTree = "<group>";
		};
/* End PBXGroup section */

/* Begin PBXNativeTarget section */
		759BCBD8271BC38D00BE2F65 /* SeSAC.TrandMedia */ = {
			isa = PBXNativeTarget;
			buildConfigurationList = 759BCBF0271BC38E00BE2F65 /* Build configuration list for PBXNativeTarget "SeSAC.TrandMedia" */;
			buildPhases = (
				759BCBD5271BC38D00BE2F65 /* Sources */,
				759BCBD6271BC38D00BE2F65 /* Frameworks */,
				759BCBD7271BC38D00BE2F65 /* Resources */,
			);
			buildRules = (
			);
			dependencies = (
			);
			name = SeSAC.TrandMedia;
			productName = SeSAC.TrandMedia;
			productReference = 759BCBD9271BC38D00BE2F65 /* SeSAC.TrandMedia.app */;
			productType = "com.apple.product-type.application";
		};
/* End PBXNativeTarget section */

/* Begin PBXProject section */
		759BCBD1271BC38D00BE2F65 /* Project object */ = {
			isa = PBXProject;
			attributes = {
				BuildIndependentTargetsInParallel = 1;
				LastSwiftUpdateCheck = 1300;
				LastUpgradeCheck = 1300;
				TargetAttributes = {
					759BCBD8271BC38D00BE2F65 = {
						CreatedOnToolsVersion = 13.0;
					};
				};
			};
			buildConfigurationList = 759BCBD4271BC38D00BE2F65 /* Build configuration list for PBXProject "SeSAC.TrandMedia" */;
			compatibilityVersion = "Xcode 13.0";
			developmentRegion = en;
			hasScannedForEncodings = 0;
			knownRegions = (
				en,
				Base,
			);
			mainGroup = 759BCBD0271BC38D00BE2F65;
			productRefGroup = 759BCBDA271BC38D00BE2F65 /* Products */;
			projectDirPath = "";
			projectRoot = "";
			targets = (
				759BCBD8271BC38D00BE2F65 /* SeSAC.TrandMedia */,
			);
		};
/* End PBXProject section */

/* Begin PBXResourcesBuildPhase section */
		759BCBD7271BC38D00BE2F65 /* Resources */ = {
			isa = PBXResourcesBuildPhase;
			buildActionMask = 2147483647;
			files = (
				759BCBEC271BC38E00BE2F65 /* LaunchScreen.storyboard in Resources */,
				759BCBE9271BC38E00BE2F65 /* Assets.xcassets in Resources */,
				759BCBE4271BC38D00BE2F65 /* Main.storyboard in Resources */,
			);
			runOnlyForDeploymentPostprocessing = 0;
		};
/* End PBXResourcesBuildPhase section */

/* Begin PBXSourcesBuildPhase section */
		759BCBD5271BC38D00BE2F65 /* Sources */ = {
			isa = PBXSourcesBuildPhase;
			buildActionMask = 2147483647;
			files = (
				759BCBE7271BC38D00BE2F65 /* SeSAC_TrandMedia.xcdatamodeld in Sources */,
				759BCBE1271BC38D00BE2F65 /* ViewController.swift in Sources */,
				759BCBDD271BC38D00BE2F65 /* AppDelegate.swift in Sources */,
				759BCBDF271BC38D00BE2F65 /* SceneDelegate.swift in Sources */,
			);
			runOnlyForDeploymentPostprocessing = 0;
		};
/* End PBXSourcesBuildPhase section */

/* Begin PBXVariantGroup section */
		759BCBE2271BC38D00BE2F65 /* Main.storyboard */ = {
			isa = PBXVariantGroup;
			children = (
				759BCBE3271BC38D00BE2F65 /* Base */,
			);
			name = Main.storyboard;
			sourceTree = "<group>";
		};
		759BCBEA271BC38E00BE2F65 /* LaunchScreen.storyboard */ = {
			isa = PBXVariantGroup;
			children = (
				759BCBEB271BC38E00BE2F65 /* Base */,
			);
			name = LaunchScreen.storyboard;
			sourceTree = "<group>";
		};
/* End PBXVariantGroup section */

/* Begin XCBuildConfiguration section */
		759BCBEE271BC38E00BE2F65 /* Debug */ = {
			isa = XCBuildConfiguration;
			buildSettings = {
				ALWAYS_SEARCH_USER_PATHS = NO;
				CLANG_ANALYZER_NONNULL = YES;
				CLANG_ANALYZER_NUMBER_OBJECT_CONVERSION = YES_AGGRESSIVE;
				CLANG_CXX_LANGUAGE_STANDARD = "gnu++17";
				CLANG_CXX_LIBRARY = "libc++";
				CLANG_ENABLE_MODULES = YES;
				CLANG_ENABLE_OBJC_ARC = YES;
				CLANG_ENABLE_OBJC_WEAK = YES;
				CLANG_WARN_BLOCK_CAPTURE_AUTORELEASING = YES;
				CLANG_WARN_BOOL_CONVERSION = YES;
				CLANG_WARN_COMMA = YES;
				CLANG_WARN_CONSTANT_CONVERSION = YES;
				CLANG_WARN_DEPRECATED_OBJC_IMPLEMENTATIONS = YES;
				CLANG_WARN_DIRECT_OBJC_ISA_USAGE = YES_ERROR;
				CLANG_WARN_DOCUMENTATION_COMMENTS = YES;
				CLANG_WARN_EMPTY_BODY = YES;
				CLANG_WARN_ENUM_CONVERSION = YES;
				CLANG_WARN_INFINITE_RECURSION = YES;
				CLANG_WARN_INT_CONVERSION = YES;
				CLANG_WARN_NON_LITERAL_NULL_CONVERSION = YES;
				CLANG_WARN_OBJC_IMPLICIT_RETAIN_SELF = YES;
				CLANG_WARN_OBJC_LITERAL_CONVERSION = YES;
				CLANG_WARN_OBJC_ROOT_CLASS = YES_ERROR;
				CLANG_WARN_QUOTED_INCLUDE_IN_FRAMEWORK_HEADER = YES;
				CLANG_WARN_RANGE_LOOP_ANALYSIS = YES;
				CLANG_WARN_STRICT_PROTOTYPES = YES;
				CLANG_WARN_SUSPICIOUS_MOVE = YES;
				CLANG_WARN_UNGUARDED_AVAILABILITY = YES_AGGRESSIVE;
				CLANG_WARN_UNREACHABLE_CODE = YES;
				CLANG_WARN__DUPLICATE_METHOD_MATCH = YES;
				COPY_PHASE_STRIP = NO;
				DEBUG_INFORMATION_FORMAT = dwarf;
				ENABLE_STRICT_OBJC_MSGSEND = YES;
				ENABLE_TESTABILITY = YES;
				GCC_C_LANGUAGE_STANDARD = gnu11;
				GCC_DYNAMIC_NO_PIC = NO;
				GCC_NO_COMMON_BLOCKS = YES;
				GCC_OPTIMIZATION_LEVEL = 0;
				GCC_PREPROCESSOR_DEFINITIONS = (
					"DEBUG=1",
					"$(inherited)",
				);
				GCC_WARN_64_TO_32_BIT_CONVERSION = YES;
				GCC_WARN_ABOUT_RETURN_TYPE = YES_ERROR;
				GCC_WARN_UNDECLARED_SELECTOR = YES;
				GCC_WARN_UNINITIALIZED_AUTOS = YES_AGGRESSIVE;
				GCC_WARN_UNUSED_FUNCTION = YES;
				GCC_WARN_UNUSED_VARIABLE = YES;
				IPHONEOS_DEPLOYMENT_TARGET = 15.0;
				MTL_ENABLE_DEBUG_INFO = INCLUDE_SOURCE;
				MTL_FAST_MATH = YES;
				ONLY_ACTIVE_ARCH = YES;
				SDKROOT = iphoneos;
				SWIFT_ACTIVE_COMPILATION_CONDITIONS = DEBUG;
				SWIFT_OPTIMIZATION_LEVEL = "-Onone";
			};
			name = Debug;
		};
		759BCBEF271BC38E00BE2F65 /* Release */ = {
			isa = XCBuildConfiguration;
			buildSettings = {
				ALWAYS_SEARCH_USER_PATHS = NO;
				CLANG_ANALYZER_NONNULL = YES;
				CLANG_ANALYZER_NUMBER_OBJECT_CONVERSION = YES_AGGRESSIVE;
				CLANG_CXX_LANGUAGE_STANDARD = "gnu++17";
				CLANG_CXX_LIBRARY = "libc++";
				CLANG_ENABLE_MODULES = YES;
				CLANG_ENABLE_OBJC_ARC = YES;
				CLANG_ENABLE_OBJC_WEAK = YES;
				CLANG_WARN_BLOCK_CAPTURE_AUTORELEASING = YES;
				CLANG_WARN_BOOL_CONVERSION = YES;
				CLANG_WARN_COMMA = YES;
				CLANG_WARN_CONSTANT_CONVERSION = YES;
				CLANG_WARN_DEPRECATED_OBJC_IMPLEMENTATIONS = YES;
				CLANG_WARN_DIRECT_OBJC_ISA_USAGE = YES_ERROR;
				CLANG_WARN_DOCUMENTATION_COMMENTS = YES;
				CLANG_WARN_EMPTY_BODY = YES;
				CLANG_WARN_ENUM_CONVERSION = YES;
				CLANG_WARN_INFINITE_RECURSION = YES;
				CLANG_WARN_INT_CONVERSION = YES;
				CLANG_WARN_NON_LITERAL_NULL_CONVERSION = YES;
				CLANG_WARN_OBJC_IMPLICIT_RETAIN_SELF = YES;
				CLANG_WARN_OBJC_LITERAL_CONVERSION = YES;
				CLANG_WARN_OBJC_ROOT_CLASS = YES_ERROR;
				CLANG_WARN_QUOTED_INCLUDE_IN_FRAMEWORK_HEADER = YES;
				CLANG_WARN_RANGE_LOOP_ANALYSIS = YES;
				CLANG_WARN_STRICT_PROTOTYPES = YES;
				CLANG_WARN_SUSPICIOUS_MOVE = YES;
				CLANG_WARN_UNGUARDED_AVAILABILITY = YES_AGGRESSIVE;
				CLANG_WARN_UNREACHABLE_CODE = YES;
				CLANG_WARN__DUPLICATE_METHOD_MATCH = YES;
				COPY_PHASE_STRIP = NO;
				DEBUG_INFORMATION_FORMAT = "dwarf-with-dsym";
				ENABLE_NS_ASSERTIONS = NO;
				ENABLE_STRICT_OBJC_MSGSEND = YES;
				GCC_C_LANGUAGE_STANDARD = gnu11;
				GCC_NO_COMMON_BLOCKS = YES;
				GCC_WARN_64_TO_32_BIT_CONVERSION = YES;
				GCC_WARN_ABOUT_RETURN_TYPE = YES_ERROR;
				GCC_WARN_UNDECLARED_SELECTOR = YES;
				GCC_WARN_UNINITIALIZED_AUTOS = YES_AGGRESSIVE;
				GCC_WARN_UNUSED_FUNCTION = YES;
				GCC_WARN_UNUSED_VARIABLE = YES;
				IPHONEOS_DEPLOYMENT_TARGET = 15.0;
				MTL_ENABLE_DEBUG_INFO = NO;
				MTL_FAST_MATH = YES;
				SDKROOT = iphoneos;
				SWIFT_COMPILATION_MODE = wholemodule;
				SWIFT_OPTIMIZATION_LEVEL = "-O";
				VALIDATE_PRODUCT = YES;
			};
			name = Release;
		};
		759BCBF1271BC38E00BE2F65 /* Debug */ = {
			isa = XCBuildConfiguration;
			buildSettings = {
				ASSETCATALOG_COMPILER_APPICON_NAME = AppIcon;
				ASSETCATALOG_COMPILER_GLOBAL_ACCENT_COLOR_NAME = AccentColor;
				CODE_SIGN_STYLE = Automatic;
				CURRENT_PROJECT_VERSION = 1;
				GENERATE_INFOPLIST_FILE = YES;
				INFOPLIST_FILE = SeSAC.TrandMedia/Info.plist;
				INFOPLIST_KEY_UIApplicationSupportsIndirectInputEvents = YES;
				INFOPLIST_KEY_UILaunchStoryboardName = LaunchScreen;
				INFOPLIST_KEY_UIMainStoryboardFile = Main;
				INFOPLIST_KEY_UISupportedInterfaceOrientations_iPad = "UIInterfaceOrientationPortrait UIInterfaceOrientationPortraitUpsideDown UIInterfaceOrientationLandscapeLeft UIInterfaceOrientationLandscapeRight";
				INFOPLIST_KEY_UISupportedInterfaceOrientations_iPhone = "UIInterfaceOrientationPortrait UIInterfaceOrientationLandscapeLeft UIInterfaceOrientationLandscapeRight";
				LD_RUNPATH_SEARCH_PATHS = (
					"$(inherited)",
					"@executable_path/Frameworks",
				);
				MARKETING_VERSION = 1.0;
				PRODUCT_BUNDLE_IDENTIFIER = "com.SSAC.SeSAC-TrandMedia";
				PRODUCT_NAME = "$(TARGET_NAME)";
				SWIFT_EMIT_LOC_STRINGS = YES;
				SWIFT_VERSION = 5.0;
				TARGETED_DEVICE_FAMILY = "1,2";
			};
			name = Debug;
		};
		759BCBF2271BC38E00BE2F65 /* Release */ = {
			isa = XCBuildConfiguration;
			buildSettings = {
				ASSETCATALOG_COMPILER_APPICON_NAME = AppIcon;
				ASSETCATALOG_COMPILER_GLOBAL_ACCENT_COLOR_NAME = AccentColor;
				CODE_SIGN_STYLE = Automatic;
				CURRENT_PROJECT_VERSION = 1;
				GENERATE_INFOPLIST_FILE = YES;
				INFOPLIST_FILE = SeSAC.TrandMedia/Info.plist;
				INFOPLIST_KEY_UIApplicationSupportsIndirectInputEvents = YES;
				INFOPLIST_KEY_UILaunchStoryboardName = LaunchScreen;
				INFOPLIST_KEY_UIMainStoryboardFile = Main;
				INFOPLIST_KEY_UISupportedInterfaceOrientations_iPad = "UIInterfaceOrientationPortrait UIInterfaceOrientationPortraitUpsideDown UIInterfaceOrientationLandscapeLeft UIInterfaceOrientationLandscapeRight";
				INFOPLIST_KEY_UISupportedInterfaceOrientations_iPhone = "UIInterfaceOrientationPortrait UIInterfaceOrientationLandscapeLeft UIInterfaceOrientationLandscapeRight";
				LD_RUNPATH_SEARCH_PATHS = (
					"$(inherited)",
					"@executable_path/Frameworks",
				);
				MARKETING_VERSION = 1.0;
				PRODUCT_BUNDLE_IDENTIFIER = "com.SSAC.SeSAC-TrandMedia";
				PRODUCT_NAME = "$(TARGET_NAME)";
				SWIFT_EMIT_LOC_STRINGS = YES;
				SWIFT_VERSION = 5.0;
				TARGETED_DEVICE_FAMILY = "1,2";
			};
			name = Release;
		};
/* End XCBuildConfiguration section */

/* Begin XCConfigurationList section */
		759BCBD4271BC38D00BE2F65 /* Build configuration list for PBXProject "SeSAC.TrandMedia" */ = {
			isa = XCConfigurationList;
			buildConfigurations = (
				759BCBEE271BC38E00BE2F65 /* Debug */,
				759BCBEF271BC38E00BE2F65 /* Release */,
			);
			defaultConfigurationIsVisible = 0;
			defaultConfigurationName = Release;
		};
		759BCBF0271BC38E00BE2F65 /* Build configuration list for PBXNativeTarget "SeSAC.TrandMedia" */ = {
			isa = XCConfigurationList;
			buildConfigurations = (
				759BCBF1271BC38E00BE2F65 /* Debug */,
				759BCBF2271BC38E00BE2F65 /* Release */,
			);
			defaultConfigurationIsVisible = 0;
			defaultConfigurationName = Release;
		};
/* End XCConfigurationList section */

/* Begin XCVersionGroup section */
		759BCBE5271BC38D00BE2F65 /* SeSAC_TrandMedia.xcdatamodeld */ = {
			isa = XCVersionGroup;
			children = (
				759BCBE6271BC38D00BE2F65 /* SeSAC_TrandMedia.xcdatamodel */,
			);
			currentVersion = 759BCBE6271BC38D00BE2F65 /* SeSAC_TrandMedia.xcdatamodel */;
			path = SeSAC_TrandMedia.xcdatamodeld;
			sourceTree = "<group>";
			versionGroupType = wrapper.xcdatamodel;
		};
/* End XCVersionGroup section */
	};
	rootObject = 759BCBD1271BC38D00BE2F65 /* Project object */;
}
