// !$*UTF8*$!
{
	archiveVersion = 1;
	classes = {
	};
	objectVersion = 55;
	objects = {

/* Begin PBXBuildFile section */
		7526459D2716ED660031CAFB /* MovieReviewTableViewController.swift in Sources */ = {isa = PBXBuildFile; fileRef = 7526459C2716ED660031CAFB /* MovieReviewTableViewController.swift */; };
		7526459F2716F0CF0031CAFB /* MovieReviewTableViewCell.swift in Sources */ = {isa = PBXBuildFile; fileRef = 7526459E2716F0CF0031CAFB /* MovieReviewTableViewCell.swift */; };
		752DD33D27150A5C006FF7D4 /* AppDelegate.swift in Sources */ = {isa = PBXBuildFile; fileRef = 752DD33C27150A5C006FF7D4 /* AppDelegate.swift */; };
		752DD33F27150A5C006FF7D4 /* SceneDelegate.swift in Sources */ = {isa = PBXBuildFile; fileRef = 752DD33E27150A5C006FF7D4 /* SceneDelegate.swift */; };
		752DD34127150A5C006FF7D4 /* ViewController.swift in Sources */ = {isa = PBXBuildFile; fileRef = 752DD34027150A5C006FF7D4 /* ViewController.swift */; };
		752DD34427150A5C006FF7D4 /* Main.storyboard in Resources */ = {isa = PBXBuildFile; fileRef = 752DD34227150A5C006FF7D4 /* Main.storyboard */; };
		752DD34727150A5C006FF7D4 /* SeSAC_Day_09.xcdatamodeld in Sources */ = {isa = PBXBuildFile; fileRef = 752DD34527150A5C006FF7D4 /* SeSAC_Day_09.xcdatamodeld */; };
		752DD34927150A5C006FF7D4 /* Assets.xcassets in Resources */ = {isa = PBXBuildFile; fileRef = 752DD34827150A5C006FF7D4 /* Assets.xcassets */; };
		752DD34C27150A5C006FF7D4 /* LaunchScreen.storyboard in Resources */ = {isa = PBXBuildFile; fileRef = 752DD34A27150A5C006FF7D4 /* LaunchScreen.storyboard */; };
		752DD354271516AB006FF7D4 /* MemoTableViewController.swift in Sources */ = {isa = PBXBuildFile; fileRef = 752DD353271516AB006FF7D4 /* MemoTableViewController.swift */; };
		752DD35627157E89006FF7D4 /* case1TableViewController.swift in Sources */ = {isa = PBXBuildFile; fileRef = 752DD35527157E89006FF7D4 /* case1TableViewController.swift */; };
		752DD35827157E93006FF7D4 /* case2TableViewController.swift in Sources */ = {isa = PBXBuildFile; fileRef = 752DD35727157E93006FF7D4 /* case2TableViewController.swift */; };
		753263202717AD9D00103163 /* Movie.swift in Sources */ = {isa = PBXBuildFile; fileRef = 7532631F2717AD9D00103163 /* Movie.swift */; };
		753263222717AEF300103163 /* MoveInformation.swift in Sources */ = {isa = PBXBuildFile; fileRef = 753263212717AEF300103163 /* MoveInformation.swift */; };
		753263242717B59800103163 /* Memo.swift in Sources */ = {isa = PBXBuildFile; fileRef = 753263232717B59800103163 /* Memo.swift */; };
		753263262717D2D800103163 /* UIViewController+Extention.swift in Sources */ = {isa = PBXBuildFile; fileRef = 753263252717D2D800103163 /* UIViewController+Extention.swift */; };
		75358C3227190EAE00126E1B /* MovieStoryboard.storyboard in Resources */ = {isa = PBXBuildFile; fileRef = 75358C3127190EAE00126E1B /* MovieStoryboard.storyboard */; };
		75358C342719102400126E1B /* BoxOfficeDetailViewController.swift in Sources */ = {isa = PBXBuildFile; fileRef = 75358C332719102400126E1B /* BoxOfficeDetailViewController.swift */; };
		75358C36271918CA00126E1B /* BoxOfficeCastViewController.swift in Sources */ = {isa = PBXBuildFile; fileRef = 75358C35271918CA00126E1B /* BoxOfficeCastViewController.swift */; };
/* End PBXBuildFile section */

/* Begin PBXFileReference section */
		7526459C2716ED660031CAFB /* MovieReviewTableViewController.swift */ = {isa = PBXFileReference; lastKnownFileType = sourcecode.swift; path = MovieReviewTableViewController.swift; sourceTree = "<group>"; };
		7526459E2716F0CF0031CAFB /* MovieReviewTableViewCell.swift */ = {isa = PBXFileReference; lastKnownFileType = sourcecode.swift; path = MovieReviewTableViewCell.swift; sourceTree = "<group>"; };
		752DD33927150A5C006FF7D4 /* SeSAC.Day.09.app */ = {isa = PBXFileReference; explicitFileType = wrapper.application; includeInIndex = 0; path = SeSAC.Day.09.app; sourceTree = BUILT_PRODUCTS_DIR; };
		752DD33C27150A5C006FF7D4 /* AppDelegate.swift */ = {isa = PBXFileReference; lastKnownFileType = sourcecode.swift; path = AppDelegate.swift; sourceTree = "<group>"; };
		752DD33E27150A5C006FF7D4 /* SceneDelegate.swift */ = {isa = PBXFileReference; lastKnownFileType = sourcecode.swift; path = SceneDelegate.swift; sourceTree = "<group>"; };
		752DD34027150A5C006FF7D4 /* ViewController.swift */ = {isa = PBXFileReference; lastKnownFileType = sourcecode.swift; path = ViewController.swift; sourceTree = "<group>"; };
		752DD34327150A5C006FF7D4 /* Base */ = {isa = PBXFileReference; lastKnownFileType = file.storyboard; name = Base; path = Base.lproj/Main.storyboard; sourceTree = "<group>"; };
		752DD34627150A5C006FF7D4 /* SeSAC_Day_09.xcdatamodel */ = {isa = PBXFileReference; lastKnownFileType = wrapper.xcdatamodel; path = SeSAC_Day_09.xcdatamodel; sourceTree = "<group>"; };
		752DD34827150A5C006FF7D4 /* Assets.xcassets */ = {isa = PBXFileReference; lastKnownFileType = folder.assetcatalog; path = Assets.xcassets; sourceTree = "<group>"; };
		752DD34B27150A5C006FF7D4 /* Base */ = {isa = PBXFileReference; lastKnownFileType = file.storyboard; name = Base; path = Base.lproj/LaunchScreen.storyboard; sourceTree = "<group>"; };
		752DD34D27150A5C006FF7D4 /* Info.plist */ = {isa = PBXFileReference; lastKnownFileType = text.plist.xml; path = Info.plist; sourceTree = "<group>"; };
		752DD353271516AB006FF7D4 /* MemoTableViewController.swift */ = {isa = PBXFileReference; lastKnownFileType = sourcecode.swift; path = MemoTableViewController.swift; sourceTree = "<group>"; };
		752DD35527157E89006FF7D4 /* case1TableViewController.swift */ = {isa = PBXFileReference; lastKnownFileType = sourcecode.swift; path = case1TableViewController.swift; sourceTree = "<group>"; };
		752DD35727157E93006FF7D4 /* case2TableViewController.swift */ = {isa = PBXFileReference; lastKnownFileType = sourcecode.swift; path = case2TableViewController.swift; sourceTree = "<group>"; };
		7532631F2717AD9D00103163 /* Movie.swift */ = {isa = PBXFileReference; lastKnownFileType = sourcecode.swift; path = Movie.swift; sourceTree = "<group>"; };
		753263212717AEF300103163 /* MoveInformation.swift */ = {isa = PBXFileReference; lastKnownFileType = sourcecode.swift; path = MoveInformation.swift; sourceTree = "<group>"; };
		753263232717B59800103163 /* Memo.swift */ = {isa = PBXFileReference; lastKnownFileType = sourcecode.swift; path = Memo.swift; sourceTree = "<group>"; };
		753263252717D2D800103163 /* UIViewController+Extention.swift */ = {isa = PBXFileReference; lastKnownFileType = sourcecode.swift; path = "UIViewController+Extention.swift"; sourceTree = "<group>"; };
		75358C3127190EAE00126E1B /* MovieStoryboard.storyboard */ = {isa = PBXFileReference; lastKnownFileType = file.storyboard; path = MovieStoryboard.storyboard; sourceTree = "<group>"; };
		75358C332719102400126E1B /* BoxOfficeDetailViewController.swift */ = {isa = PBXFileReference; lastKnownFileType = sourcecode.swift; path = BoxOfficeDetailViewController.swift; sourceTree = "<group>"; };
		75358C35271918CA00126E1B /* BoxOfficeCastViewController.swift */ = {isa = PBXFileReference; lastKnownFileType = sourcecode.swift; path = BoxOfficeCastViewController.swift; sourceTree = "<group>"; };
/* End PBXFileReference section */

/* Begin PBXFrameworksBuildPhase section */
		752DD33627150A5C006FF7D4 /* Frameworks */ = {
			isa = PBXFrameworksBuildPhase;
			buildActionMask = 2147483647;
			files = (
			);
			runOnlyForDeploymentPostprocessing = 0;
		};
/* End PBXFrameworksBuildPhase section */

/* Begin PBXGroup section */
		752DD33027150A5C006FF7D4 = {
			isa = PBXGroup;
			children = (
				75358C35271918CA00126E1B /* BoxOfficeCastViewController.swift */,
				75358C3127190EAE00126E1B /* MovieStoryboard.storyboard */,
				75358C332719102400126E1B /* BoxOfficeDetailViewController.swift */,
				7526459E2716F0CF0031CAFB /* MovieReviewTableViewCell.swift */,
				7526459C2716ED660031CAFB /* MovieReviewTableViewController.swift */,
				752DD35727157E93006FF7D4 /* case2TableViewController.swift */,
				752DD35527157E89006FF7D4 /* case1TableViewController.swift */,
				752DD353271516AB006FF7D4 /* MemoTableViewController.swift */,
				752DD33B27150A5C006FF7D4 /* SeSAC.Day.09 */,
				752DD33A27150A5C006FF7D4 /* Products */,
			);
			sourceTree = "<group>";
		};
		752DD33A27150A5C006FF7D4 /* Products */ = {
			isa = PBXGroup;
			children = (
				752DD33927150A5C006FF7D4 /* SeSAC.Day.09.app */,
			);
			name = Products;
			sourceTree = "<group>";
		};
		752DD33B27150A5C006FF7D4 /* SeSAC.Day.09 */ = {
			isa = PBXGroup;
			children = (
				752DD33C27150A5C006FF7D4 /* AppDelegate.swift */,
				752DD33E27150A5C006FF7D4 /* SceneDelegate.swift */,
				752DD34027150A5C006FF7D4 /* ViewController.swift */,
				752DD34227150A5C006FF7D4 /* Main.storyboard */,
				752DD34827150A5C006FF7D4 /* Assets.xcassets */,
				752DD34A27150A5C006FF7D4 /* LaunchScreen.storyboard */,
				752DD34D27150A5C006FF7D4 /* Info.plist */,
				752DD34527150A5C006FF7D4 /* SeSAC_Day_09.xcdatamodeld */,
				7532631F2717AD9D00103163 /* Movie.swift */,
				753263212717AEF300103163 /* MoveInformation.swift */,
				753263232717B59800103163 /* Memo.swift */,
				753263252717D2D800103163 /* UIViewController+Extention.swift */,
			);
			path = SeSAC.Day.09;
			sourceTree = "<group>";
		};
/* End PBXGroup section */

/* Begin PBXNativeTarget section */
		752DD33827150A5C006FF7D4 /* SeSAC.Day.09 */ = {
			isa = PBXNativeTarget;
			buildConfigurationList = 752DD35027150A5C006FF7D4 /* Build configuration list for PBXNativeTarget "SeSAC.Day.09" */;
			buildPhases = (
				752DD33527150A5C006FF7D4 /* Sources */,
				752DD33627150A5C006FF7D4 /* Frameworks */,
				752DD33727150A5C006FF7D4 /* Resources */,
			);
			buildRules = (
			);
			dependencies = (
			);
			name = SeSAC.Day.09;
			productName = SeSAC.Day.09;
			productReference = 752DD33927150A5C006FF7D4 /* SeSAC.Day.09.app */;
			productType = "com.apple.product-type.application";
		};
/* End PBXNativeTarget section */

/* Begin PBXProject section */
		752DD33127150A5C006FF7D4 /* Project object */ = {
			isa = PBXProject;
			attributes = {
				BuildIndependentTargetsInParallel = 1;
				LastSwiftUpdateCheck = 1300;
				LastUpgradeCheck = 1300;
				TargetAttributes = {
					752DD33827150A5C006FF7D4 = {
						CreatedOnToolsVersion = 13.0;
					};
				};
			};
			buildConfigurationList = 752DD33427150A5C006FF7D4 /* Build configuration list for PBXProject "SeSAC.Day.09" */;
			compatibilityVersion = "Xcode 13.0";
			developmentRegion = en;
			hasScannedForEncodings = 0;
			knownRegions = (
				en,
				Base,
			);
			mainGroup = 752DD33027150A5C006FF7D4;
			productRefGroup = 752DD33A27150A5C006FF7D4 /* Products */;
			projectDirPath = "";
			projectRoot = "";
			targets = (
				752DD33827150A5C006FF7D4 /* SeSAC.Day.09 */,
			);
		};
/* End PBXProject section */

/* Begin PBXResourcesBuildPhase section */
		752DD33727150A5C006FF7D4 /* Resources */ = {
			isa = PBXResourcesBuildPhase;
			buildActionMask = 2147483647;
			files = (
				752DD34C27150A5C006FF7D4 /* LaunchScreen.storyboard in Resources */,
				752DD34927150A5C006FF7D4 /* Assets.xcassets in Resources */,
				75358C3227190EAE00126E1B /* MovieStoryboard.storyboard in Resources */,
				752DD34427150A5C006FF7D4 /* Main.storyboard in Resources */,
			);
			runOnlyForDeploymentPostprocessing = 0;
		};
/* End PBXResourcesBuildPhase section */

/* Begin PBXSourcesBuildPhase section */
		752DD33527150A5C006FF7D4 /* Sources */ = {
			isa = PBXSourcesBuildPhase;
			buildActionMask = 2147483647;
			files = (
				7526459D2716ED660031CAFB /* MovieReviewTableViewController.swift in Sources */,
				752DD354271516AB006FF7D4 /* MemoTableViewController.swift in Sources */,
				752DD35627157E89006FF7D4 /* case1TableViewController.swift in Sources */,
				753263242717B59800103163 /* Memo.swift in Sources */,
				75358C36271918CA00126E1B /* BoxOfficeCastViewController.swift in Sources */,
				752DD34127150A5C006FF7D4 /* ViewController.swift in Sources */,
				753263202717AD9D00103163 /* Movie.swift in Sources */,
				753263262717D2D800103163 /* UIViewController+Extention.swift in Sources */,
				75358C342719102400126E1B /* BoxOfficeDetailViewController.swift in Sources */,
				752DD34727150A5C006FF7D4 /* SeSAC_Day_09.xcdatamodeld in Sources */,
				752DD35827157E93006FF7D4 /* case2TableViewController.swift in Sources */,
				753263222717AEF300103163 /* MoveInformation.swift in Sources */,
				752DD33D27150A5C006FF7D4 /* AppDelegate.swift in Sources */,
				7526459F2716F0CF0031CAFB /* MovieReviewTableViewCell.swift in Sources */,
				752DD33F27150A5C006FF7D4 /* SceneDelegate.swift in Sources */,
			);
			runOnlyForDeploymentPostprocessing = 0;
		};
/* End PBXSourcesBuildPhase section */

/* Begin PBXVariantGroup section */
		752DD34227150A5C006FF7D4 /* Main.storyboard */ = {
			isa = PBXVariantGroup;
			children = (
				752DD34327150A5C006FF7D4 /* Base */,
			);
			name = Main.storyboard;
			sourceTree = "<group>";
		};
		752DD34A27150A5C006FF7D4 /* LaunchScreen.storyboard */ = {
			isa = PBXVariantGroup;
			children = (
				752DD34B27150A5C006FF7D4 /* Base */,
			);
			name = LaunchScreen.storyboard;
			sourceTree = "<group>";
		};
/* End PBXVariantGroup section */

/* Begin XCBuildConfiguration section */
		752DD34E27150A5C006FF7D4 /* Debug */ = {
			isa = XCBuildConfiguration;
			buildSettings = {
				ALWAYS_SEARCH_USER_PATHS = NO;
				CLANG_ANALYZER_NONNULL = YES;
				CLANG_ANALYZER_NUMBER_OBJECT_CONVERSION = YES_AGGRESSIVE;
				CLANG_CXX_LANGUAGE_STANDARD = "gnu++17";
				CLANG_CXX_LIBRARY = "libc++";
				CLANG_ENABLE_MODULES = YES;
				CLANG_ENABLE_OBJC_ARC = YES;
				CLANG_ENABLE_OBJC_WEAK = YES;
				CLANG_WARN_BLOCK_CAPTURE_AUTORELEASING = YES;
				CLANG_WARN_BOOL_CONVERSION = YES;
				CLANG_WARN_COMMA = YES;
				CLANG_WARN_CONSTANT_CONVERSION = YES;
				CLANG_WARN_DEPRECATED_OBJC_IMPLEMENTATIONS = YES;
				CLANG_WARN_DIRECT_OBJC_ISA_USAGE = YES_ERROR;
				CLANG_WARN_DOCUMENTATION_COMMENTS = YES;
				CLANG_WARN_EMPTY_BODY = YES;
				CLANG_WARN_ENUM_CONVERSION = YES;
				CLANG_WARN_INFINITE_RECURSION = YES;
				CLANG_WARN_INT_CONVERSION = YES;
				CLANG_WARN_NON_LITERAL_NULL_CONVERSION = YES;
				CLANG_WARN_OBJC_IMPLICIT_RETAIN_SELF = YES;
				CLANG_WARN_OBJC_LITERAL_CONVERSION = YES;
				CLANG_WARN_OBJC_ROOT_CLASS = YES_ERROR;
				CLANG_WARN_QUOTED_INCLUDE_IN_FRAMEWORK_HEADER = YES;
				CLANG_WARN_RANGE_LOOP_ANALYSIS = YES;
				CLANG_WARN_STRICT_PROTOTYPES = YES;
				CLANG_WARN_SUSPICIOUS_MOVE = YES;
				CLANG_WARN_UNGUARDED_AVAILABILITY = YES_AGGRESSIVE;
				CLANG_WARN_UNREACHABLE_CODE = YES;
				CLANG_WARN__DUPLICATE_METHOD_MATCH = YES;
				COPY_PHASE_STRIP = NO;
				DEBUG_INFORMATION_FORMAT = dwarf;
				ENABLE_STRICT_OBJC_MSGSEND = YES;
				ENABLE_TESTABILITY = YES;
				GCC_C_LANGUAGE_STANDARD = gnu11;
				GCC_DYNAMIC_NO_PIC = NO;
				GCC_NO_COMMON_BLOCKS = YES;
				GCC_OPTIMIZATION_LEVEL = 0;
				GCC_PREPROCESSOR_DEFINITIONS = (
					"DEBUG=1",
					"$(inherited)",
				);
				GCC_WARN_64_TO_32_BIT_CONVERSION = YES;
				GCC_WARN_ABOUT_RETURN_TYPE = YES_ERROR;
				GCC_WARN_UNDECLARED_SELECTOR = YES;
				GCC_WARN_UNINITIALIZED_AUTOS = YES_AGGRESSIVE;
				GCC_WARN_UNUSED_FUNCTION = YES;
				GCC_WARN_UNUSED_VARIABLE = YES;
				IPHONEOS_DEPLOYMENT_TARGET = 15.0;
				MTL_ENABLE_DEBUG_INFO = INCLUDE_SOURCE;
				MTL_FAST_MATH = YES;
				ONLY_ACTIVE_ARCH = YES;
				SDKROOT = iphoneos;
				SWIFT_ACTIVE_COMPILATION_CONDITIONS = DEBUG;
				SWIFT_OPTIMIZATION_LEVEL = "-Onone";
			};
			name = Debug;
		};
		752DD34F27150A5C006FF7D4 /* Release */ = {
			isa = XCBuildConfiguration;
			buildSettings = {
				ALWAYS_SEARCH_USER_PATHS = NO;
				CLANG_ANALYZER_NONNULL = YES;
				CLANG_ANALYZER_NUMBER_OBJECT_CONVERSION = YES_AGGRESSIVE;
				CLANG_CXX_LANGUAGE_STANDARD = "gnu++17";
				CLANG_CXX_LIBRARY = "libc++";
				CLANG_ENABLE_MODULES = YES;
				CLANG_ENABLE_OBJC_ARC = YES;
				CLANG_ENABLE_OBJC_WEAK = YES;
				CLANG_WARN_BLOCK_CAPTURE_AUTORELEASING = YES;
				CLANG_WARN_BOOL_CONVERSION = YES;
				CLANG_WARN_COMMA = YES;
				CLANG_WARN_CONSTANT_CONVERSION = YES;
				CLANG_WARN_DEPRECATED_OBJC_IMPLEMENTATIONS = YES;
				CLANG_WARN_DIRECT_OBJC_ISA_USAGE = YES_ERROR;
				CLANG_WARN_DOCUMENTATION_COMMENTS = YES;
				CLANG_WARN_EMPTY_BODY = YES;
				CLANG_WARN_ENUM_CONVERSION = YES;
				CLANG_WARN_INFINITE_RECURSION = YES;
				CLANG_WARN_INT_CONVERSION = YES;
				CLANG_WARN_NON_LITERAL_NULL_CONVERSION = YES;
				CLANG_WARN_OBJC_IMPLICIT_RETAIN_SELF = YES;
				CLANG_WARN_OBJC_LITERAL_CONVERSION = YES;
				CLANG_WARN_OBJC_ROOT_CLASS = YES_ERROR;
				CLANG_WARN_QUOTED_INCLUDE_IN_FRAMEWORK_HEADER = YES;
				CLANG_WARN_RANGE_LOOP_ANALYSIS = YES;
				CLANG_WARN_STRICT_PROTOTYPES = YES;
				CLANG_WARN_SUSPICIOUS_MOVE = YES;
				CLANG_WARN_UNGUARDED_AVAILABILITY = YES_AGGRESSIVE;
				CLANG_WARN_UNREACHABLE_CODE = YES;
				CLANG_WARN__DUPLICATE_METHOD_MATCH = YES;
				COPY_PHASE_STRIP = NO;
				DEBUG_INFORMATION_FORMAT = "dwarf-with-dsym";
				ENABLE_NS_ASSERTIONS = NO;
				ENABLE_STRICT_OBJC_MSGSEND = YES;
				GCC_C_LANGUAGE_STANDARD = gnu11;
				GCC_NO_COMMON_BLOCKS = YES;
				GCC_WARN_64_TO_32_BIT_CONVERSION = YES;
				GCC_WARN_ABOUT_RETURN_TYPE = YES_ERROR;
				GCC_WARN_UNDECLARED_SELECTOR = YES;
				GCC_WARN_UNINITIALIZED_AUTOS = YES_AGGRESSIVE;
				GCC_WARN_UNUSED_FUNCTION = YES;
				GCC_WARN_UNUSED_VARIABLE = YES;
				IPHONEOS_DEPLOYMENT_TARGET = 15.0;
				MTL_ENABLE_DEBUG_INFO = NO;
				MTL_FAST_MATH = YES;
				SDKROOT = iphoneos;
				SWIFT_COMPILATION_MODE = wholemodule;
				SWIFT_OPTIMIZATION_LEVEL = "-O";
				VALIDATE_PRODUCT = YES;
			};
			name = Release;
		};
		752DD35127150A5C006FF7D4 /* Debug */ = {
			isa = XCBuildConfiguration;
			buildSettings = {
				ASSETCATALOG_COMPILER_APPICON_NAME = AppIcon;
				ASSETCATALOG_COMPILER_GLOBAL_ACCENT_COLOR_NAME = AccentColor;
				CODE_SIGN_STYLE = Automatic;
				CURRENT_PROJECT_VERSION = 1;
				GENERATE_INFOPLIST_FILE = YES;
				INFOPLIST_FILE = SeSAC.Day.09/Info.plist;
				INFOPLIST_KEY_UIApplicationSupportsIndirectInputEvents = YES;
				INFOPLIST_KEY_UILaunchStoryboardName = LaunchScreen;
				INFOPLIST_KEY_UIMainStoryboardFile = MovieStoryboard;
				INFOPLIST_KEY_UISupportedInterfaceOrientations_iPad = "UIInterfaceOrientationPortrait UIInterfaceOrientationPortraitUpsideDown UIInterfaceOrientationLandscapeLeft UIInterfaceOrientationLandscapeRight";
				INFOPLIST_KEY_UISupportedInterfaceOrientations_iPhone = "UIInterfaceOrientationPortrait UIInterfaceOrientationLandscapeLeft UIInterfaceOrientationLandscapeRight";
				LD_RUNPATH_SEARCH_PATHS = (
					"$(inherited)",
					"@executable_path/Frameworks",
				);
				MARKETING_VERSION = 1.0;
				PRODUCT_BUNDLE_IDENTIFIER = "com.SSAC.SeSAC-Day-09";
				PRODUCT_NAME = "$(TARGET_NAME)";
				SWIFT_EMIT_LOC_STRINGS = YES;
				SWIFT_VERSION = 5.0;
				TARGETED_DEVICE_FAMILY = "1,2";
			};
			name = Debug;
		};
		752DD35227150A5C006FF7D4 /* Release */ = {
			isa = XCBuildConfiguration;
			buildSettings = {
				ASSETCATALOG_COMPILER_APPICON_NAME = AppIcon;
				ASSETCATALOG_COMPILER_GLOBAL_ACCENT_COLOR_NAME = AccentColor;
				CODE_SIGN_STYLE = Automatic;
				CURRENT_PROJECT_VERSION = 1;
				GENERATE_INFOPLIST_FILE = YES;
				INFOPLIST_FILE = SeSAC.Day.09/Info.plist;
				INFOPLIST_KEY_UIApplicationSupportsIndirectInputEvents = YES;
				INFOPLIST_KEY_UILaunchStoryboardName = LaunchScreen;
				INFOPLIST_KEY_UIMainStoryboardFile = MovieStoryboard;
				INFOPLIST_KEY_UISupportedInterfaceOrientations_iPad = "UIInterfaceOrientationPortrait UIInterfaceOrientationPortraitUpsideDown UIInterfaceOrientationLandscapeLeft UIInterfaceOrientationLandscapeRight";
				INFOPLIST_KEY_UISupportedInterfaceOrientations_iPhone = "UIInterfaceOrientationPortrait UIInterfaceOrientationLandscapeLeft UIInterfaceOrientationLandscapeRight";
				LD_RUNPATH_SEARCH_PATHS = (
					"$(inherited)",
					"@executable_path/Frameworks",
				);
				MARKETING_VERSION = 1.0;
				PRODUCT_BUNDLE_IDENTIFIER = "com.SSAC.SeSAC-Day-09";
				PRODUCT_NAME = "$(TARGET_NAME)";
				SWIFT_EMIT_LOC_STRINGS = YES;
				SWIFT_VERSION = 5.0;
				TARGETED_DEVICE_FAMILY = "1,2";
			};
			name = Release;
		};
/* End XCBuildConfiguration section */

/* Begin XCConfigurationList section */
		752DD33427150A5C006FF7D4 /* Build configuration list for PBXProject "SeSAC.Day.09" */ = {
			isa = XCConfigurationList;
			buildConfigurations = (
				752DD34E27150A5C006FF7D4 /* Debug */,
				752DD34F27150A5C006FF7D4 /* Release */,
			);
			defaultConfigurationIsVisible = 0;
			defaultConfigurationName = Release;
		};
		752DD35027150A5C006FF7D4 /* Build configuration list for PBXNativeTarget "SeSAC.Day.09" */ = {
			isa = XCConfigurationList;
			buildConfigurations = (
				752DD35127150A5C006FF7D4 /* Debug */,
				752DD35227150A5C006FF7D4 /* Release */,
			);
			defaultConfigurationIsVisible = 0;
			defaultConfigurationName = Release;
		};
/* End XCConfigurationList section */

/* Begin XCVersionGroup section */
		752DD34527150A5C006FF7D4 /* SeSAC_Day_09.xcdatamodeld */ = {
			isa = XCVersionGroup;
			children = (
				752DD34627150A5C006FF7D4 /* SeSAC_Day_09.xcdatamodel */,
			);
			currentVersion = 752DD34627150A5C006FF7D4 /* SeSAC_Day_09.xcdatamodel */;
			path = SeSAC_Day_09.xcdatamodeld;
			sourceTree = "<group>";
			versionGroupType = wrapper.xcdatamodel;
		};
/* End XCVersionGroup section */
	};
	rootObject = 752DD33127150A5C006FF7D4 /* Project object */;
}
